PODS:
  - FlutterMacOS (1.0.0)
  - swar_core (0.0.1):
    - FlutterMacOS

DEPENDENCIES:
  - FlutterMacOS (from `Flutter/ephemeral`)
  - swar_core (from `Flutter/ephemeral/.symlinks/plugins/swar_core/macos`)

EXTERNAL SOURCES:
  FlutterMacOS:
    :path: Flutter/ephemeral
  swar_core:
    :path: Flutter/ephemeral/.symlinks/plugins/swar_core/macos

SPEC CHECKSUMS:
  FlutterMacOS: d0db08ddef1a9af05a5ec4b724367152bb0500b1
  swar_core: 8b58fc393d74bd89a33c3b712592c7bb8b0621a2

PODFILE CHECKSUM: 54d867c82ac51cbd61b565781b9fada492027009

COCOAPODS: 1.16.2
